{
    "name": "recipes-app",
    "version": "0.0.1",
    "lockfileVersion": 3,
    "requires": true,
    "packages": {
        "": {
            "name": "recipes-app",
            "version": "0.0.1",
            "dependencies": {
                "recipes-app": "file:"
            }
        },
        "node_modules/recipes-app": {
            "resolved": "",
            "link": true
        }
    }
}
